
Microsoft Visual Studio Solution File, Format Version 12.00
# Visual Studio Version 17
VisualStudioVersion = 17.8.34330.188
MinimumVisualStudioVersion = 10.0.40219.1
Project("{FAE04EC0-301F-11D3-BF4B-00C04F79EFBC}") = "LearnBlazer", "LearnBlazer\LearnBlazer.csproj", "{EC9D7AE9-14FC-454F-B974-915A293CEA53}"
EndProject
Global
	GlobalSection(SolutionConfigurationPlatforms) = preSolution
		Debug|Any CPU = Debug|Any CPU
		Release|Any CPU = Release|Any CPU
	EndGlobalSection
	GlobalSection(ProjectConfigurationPlatforms) = postSolution
		{EC9D7AE9-14FC-454F-B974-915A293CEA53}.Debug|Any CPU.ActiveCfg = Debug|Any CPU
		{EC9D7AE9-14FC-454F-B974-915A293CEA53}.Debug|Any CPU.Build.0 = Debug|Any CPU
		{EC9D7AE9-14FC-454F-B974-915A293CEA53}.Release|Any CPU.ActiveCfg = Release|Any CPU
		{EC9D7AE9-14FC-454F-B974-915A293CEA53}.Release|Any CPU.Build.0 = Release|Any CPU
	EndGlobalSection
	GlobalSection(SolutionProperties) = preSolution
		HideSolutionNode = FALSE
	EndGlobalSection
	GlobalSection(ExtensibilityGlobals) = postSolution
		SolutionGuid = {B2709735-F72A-42C1-BEE8-FCFDC5A7C93B}
	EndGlobalSection
EndGlobal
